<?xml version="1.0" encoding="UTF-8" standalone="yes" ?>
<CodeBlocks_project_file>
	<FileVersion major="1" minor="6" />
	<Project>
		<Option title="LexicalAnalyzer" />
		<Option makefile="makefile" />
		<Option pch_mode="2" />
		<Option compiler="gnu_gcc_6_compiler" />
		<Build>
			<Target title="Debug">
				<Option output="bin/Debug/LexicalAnalyzer" prefix_auto="1" extension_auto="1" />
				<Option working_dir="bin" />
				<Option object_output="obj/Debug/" />
				<Option type="1" />
				<Option compiler="gnu_gcc_6_compiler" />
				<Option parameters=" -no-print general_testing.txt " />
				<Compiler>
					<Add option="-g" />
				</Compiler>
			</Target>
			<Target title="Release">
				<Option output="bin/Release/LexicalAnalyzer" prefix_auto="1" extension_auto="1" />
				<Option working_dir="bin" />
				<Option object_output="obj/Release/" />
				<Option type="1" />
				<Option compiler="gnu_gcc_6_compiler" />
				<Option parameters="assign_test.txt general_testing.txt if_test.txt input_test.txt loop_test.txt output_test.txt" />
				<Compiler>
					<Add option="-O2" />
				</Compiler>
				<Linker>
					<Add option="-s" />
				</Linker>
			</Target>
		</Build>
		<Compiler>
			<Add option="-Weffc++" />
			<Add option="-pedantic" />
			<Add option="-Wextra" />
			<Add option="-Wall" />
			<Add option="-std=c++14" />
			<Add option="-fexceptions" />
			<Add directory="include" />
		</Compiler>
		<Unit filename="README">
			<Option target="Release" />
		</Unit>
		<Unit filename="bin/assign_test.txt">
			<Option target="&lt;{~None~}&gt;" />
		</Unit>
		<Unit filename="bin/general_testing.txt">
			<Option target="&lt;{~None~}&gt;" />
		</Unit>
		<Unit filename="bin/if_test.txt">
			<Option target="Release" />
		</Unit>
		<Unit filename="bin/input_test.txt">
			<Option target="Release" />
		</Unit>
		<Unit filename="bin/loop_test.txt">
			<Option target="Release" />
		</Unit>
		<Unit filename="bin/output_test.txt">
			<Option target="Release" />
		</Unit>
		<Unit filename="bin/type_test.txt">
			<Option target="Release" />
		</Unit>
		<Unit filename="include/AbstractVisitor.h" />
		<Unit filename="include/PrintVisitor.h" />
		<Unit filename="include/TypeVisitor.h" />
		<Unit filename="include/ast.h" />
		<Unit filename="include/environment.h" />
		<Unit filename="include/exception.h" />
		<Unit filename="include/lexer.h" />
		<Unit filename="include/parser.h" />
		<Unit filename="include/token.h" />
		<Unit filename="makefile">
			<Option target="Release" />
		</Unit>
		<Unit filename="src/PrintVisitor.cpp" />
		<Unit filename="src/TypeVisitor.cpp" />
		<Unit filename="src/ast.cpp" />
		<Unit filename="src/environment.cpp" />
		<Unit filename="src/exception.cpp" />
		<Unit filename="src/lexer.cpp" />
		<Unit filename="src/main.cpp" />
		<Unit filename="src/parser.cpp" />
		<Unit filename="src/token.cpp" />
		<Extensions>
			<code_completion />
			<envvars />
			<debugger />
			<lib_finder disable_auto="1" />
		</Extensions>
	</Project>
</CodeBlocks_project_file>
